{
  "name": "nostalgia",
  "version": "1.0.0",
  "lockfileVersion": 1,
  "requires": true,
  "dependencies": {
    "bootstrap-slider": {
      "version": "9.10.0",
      "resolved": "https://registry.npmjs.org/bootstrap-slider/-/bootstrap-slider-9.10.0.tgz",
      "integrity": "sha1-EQPWvADPv6jPyaJZmrUYxVZD2j8="
    },
    "chance": {
      "version": "1.0.18",
      "resolved": "https://registry.npmjs.org/chance/-/chance-1.0.18.tgz",
      "integrity": "sha512-g9YLQVHVZS/3F+zIicfB58vjcxopvYQRp7xHzvyDFDhXH1aRZI/JhwSAO0X5qYiQluoGnaNAU6wByD2KTxJN1A=="
    },
    "clamp-js": {
      "version": "0.7.0",
      "resolved": "https://registry.npmjs.org/clamp-js/-/clamp-js-0.7.0.tgz",
      "integrity": "sha1-lcSeDigyPI7qyMYyAd3fMNvXj84="
    },
    "d.js": {
      "version": "0.7.5",
      "resolved": "https://registry.npmjs.org/d.js/-/d.js-0.7.5.tgz",
      "integrity": "sha1-Bui4xPaul5xLgXwyGJTOLh9fqQ4="
    },
    "dot": {
      "version": "1.1.2",
      "resolved": "https://registry.npmjs.org/dot/-/dot-1.1.2.tgz",
      "integrity": "sha1-xzdwGfxOVQeYkosrmv62ar+h8vk="
    },
    "font-awesome": {
      "version": "4.7.0",
      "resolved": "https://registry.npmjs.org/font-awesome/-/font-awesome-4.7.0.tgz",
      "integrity": "sha1-j6jPBBGhoxr9B7BtKQK7n8gVoTM=",
      "optional": true
    },
    "jquery": {
      "version": "3.4.1",
      "resolved": "https://registry.npmjs.org/jquery/-/jquery-3.4.1.tgz",
      "integrity": "sha512-36+AdBzCL+y6qjw5Tx7HgzeGCzC81MDDgaUP8ld2zhx58HdqXGoBd+tHdrBMiyjGQs0Hxs/MLZTu/eHNJJuWPw=="
    },
    "jquery-awesome-cursor": {
      "version": "github:JoeGaebel/jquery-awesome-cursor#2125f497c8984dff678feb30c9b3b7176dde6e2c",
      "from": "github:JoeGaebel/jquery-awesome-cursor",
      "requires": {
        "font-awesome": "4.x"
      }
    },
    "jquery-ujs": {
      "version": "1.2.2",
      "resolved": "https://registry.npmjs.org/jquery-ujs/-/jquery-ujs-1.2.2.tgz",
      "integrity": "sha1-ao7xAg5rbdo4W5CkvdwSjCHFY5c=",
      "requires": {
        "jquery": ">=1.8.0"
      }
    },
    "photo-sphere-viewer": {
      "version": "3.2.4",
      "resolved": "https://registry.npmjs.org/photo-sphere-viewer/-/photo-sphere-viewer-3.2.4.tgz",
      "integrity": "sha512-9wlMl290GpJNyFYguOjYfSthoxSzmeQS/z6fdL2RRrHIOfNUqM2dEKdYcrRknMVRte+MIjSEJvxlthgPFx/Y0Q==",
      "requires": {
        "d.js": "~0.7.3",
        "dot": ">=1.0.3",
        "three": ">= 0.70.0",
        "uevent": "~1.0.0"
      }
    },
    "soundmanager2": {
      "version": "2.97.20170602",
      "resolved": "https://registry.npmjs.org/soundmanager2/-/soundmanager2-2.97.20170602.tgz",
      "integrity": "sha1-/jvHMb/E1UwTZOcZgCY+aBaYGHk="
    },
    "three": {
      "version": "0.84.0",
      "resolved": "https://registry.npmjs.org/three/-/three-0.84.0.tgz",
      "integrity": "sha1-lb6FpVoPoAKqYl7VWRMJV9z/2Rg="
    },
    "uevent": {
      "version": "1.0.0",
      "resolved": "https://registry.npmjs.org/uevent/-/uevent-1.0.0.tgz",
      "integrity": "sha1-KUii1EHReQAEcOIa7RJsZ7AAl2w="
    }
  }
}
